
Microsoft Visual Studio Solution File, Format Version 12.00
# Visual Studio Version 17
VisualStudioVersion = 17.11.35327.3
MinimumVisualStudioVersion = 10.0.40219.1
Project("{FAE04EC0-301F-11D3-BF4B-00C04F79EFBC}") = "GorillaCheats", "GorillaCheats\GorillaCheats.csproj", "{D53DB1F0-8751-4759-9641-A086EF1F0BC7}"
EndProject
Global
	GlobalSection(SolutionConfigurationPlatforms) = preSolution
		Debug|Any CPU = Debug|Any CPU
		Release|Any CPU = Release|Any CPU
	EndGlobalSection
	GlobalSection(ProjectConfigurationPlatforms) = postSolution
		{D53DB1F0-8751-4759-9641-A086EF1F0BC7}.Debug|Any CPU.ActiveCfg = Debug|Any CPU
		{D53DB1F0-8751-4759-9641-A086EF1F0BC7}.Debug|Any CPU.Build.0 = Debug|Any CPU
		{D53DB1F0-8751-4759-9641-A086EF1F0BC7}.Release|Any CPU.ActiveCfg = Release|Any CPU
		{D53DB1F0-8751-4759-9641-A086EF1F0BC7}.Release|Any CPU.Build.0 = Release|Any CPU
	EndGlobalSection
	GlobalSection(SolutionProperties) = preSolution
		HideSolutionNode = FALSE
	EndGlobalSection
	GlobalSection(ExtensibilityGlobals) = postSolution
		SolutionGuid = {A7EEF653-D066-4979-85BB-AE97065ACC46}
	EndGlobalSection
EndGlobal
